# This file is automatically @generated by pesde.
# It is not intended for manual editing.
format = 2
name = "omarcoaraujo/scrim_cli"
version = "0.1.0"
target = "luau"

[graph."omarcoaraujo/tint@0.1.1 luau"]
direct = ["tint", { name = "omarcoaraujo/tint", version = "^0.1.1", index = "default" }, "standard"]

[graph."omarcoaraujo/tint@0.1.1 luau".pkg_ref]
ref_ty = "pesde"
index_url = "https://github.com/pesde-pkg/index"
